
Microsoft Visual Studio Solution File, Format Version 12.00
# Visual Studio 14
VisualStudioVersion = 14.0.25420.1
MinimumVisualStudioVersion = 10.0.40219.1
Project("{FAE04EC0-301F-11D3-BF4B-00C04F79EFBC}") = "KendoJSGrid", "KendoJSGrid\KendoJSGrid.csproj", "{98D8DFA4-1012-4124-9834-558906DD02E8}"
EndProject
Project("{FAE04EC0-301F-11D3-BF4B-00C04F79EFBC}") = "Northwind", "Northwind\Northwind.csproj", "{A178D176-5CAA-42D1-90BD-20E0427F102C}"
EndProject
Project("{FAE04EC0-301F-11D3-BF4B-00C04F79EFBC}") = "KendoJSGrid.Tests", "KendoJSGrid.Tests\KendoJSGrid.Tests.csproj", "{8A0AFFC4-3D57-403E-974A-996C4B682C45}"
EndProject
Global
	GlobalSection(SolutionConfigurationPlatforms) = preSolution
		Debug|Any CPU = Debug|Any CPU
		Release|Any CPU = Release|Any CPU
	EndGlobalSection
	GlobalSection(ProjectConfigurationPlatforms) = postSolution
		{98D8DFA4-1012-4124-9834-558906DD02E8}.Debug|Any CPU.ActiveCfg = Debug|Any CPU
		{98D8DFA4-1012-4124-9834-558906DD02E8}.Debug|Any CPU.Build.0 = Debug|Any CPU
		{98D8DFA4-1012-4124-9834-558906DD02E8}.Release|Any CPU.ActiveCfg = Release|Any CPU
		{98D8DFA4-1012-4124-9834-558906DD02E8}.Release|Any CPU.Build.0 = Release|Any CPU
		{A178D176-5CAA-42D1-90BD-20E0427F102C}.Debug|Any CPU.ActiveCfg = Debug|Any CPU
		{A178D176-5CAA-42D1-90BD-20E0427F102C}.Debug|Any CPU.Build.0 = Debug|Any CPU
		{A178D176-5CAA-42D1-90BD-20E0427F102C}.Release|Any CPU.ActiveCfg = Release|Any CPU
		{A178D176-5CAA-42D1-90BD-20E0427F102C}.Release|Any CPU.Build.0 = Release|Any CPU
		{8A0AFFC4-3D57-403E-974A-996C4B682C45}.Debug|Any CPU.ActiveCfg = Debug|Any CPU
		{8A0AFFC4-3D57-403E-974A-996C4B682C45}.Debug|Any CPU.Build.0 = Debug|Any CPU
		{8A0AFFC4-3D57-403E-974A-996C4B682C45}.Release|Any CPU.ActiveCfg = Release|Any CPU
		{8A0AFFC4-3D57-403E-974A-996C4B682C45}.Release|Any CPU.Build.0 = Release|Any CPU
	EndGlobalSection
	GlobalSection(SolutionProperties) = preSolution
		HideSolutionNode = FALSE
	EndGlobalSection
EndGlobal
